{
  "nodes": {
    "flake-parts": {
      "inputs": {
        "nixpkgs-lib": "nixpkgs-lib"
      },
      "locked": {
        "lastModified": 1696343447,
        "narHash": "sha256-B2xAZKLkkeRFG5XcHHSXXcP7To9Xzr59KXeZiRf4vdQ=",
        "owner": "hercules-ci",
        "repo": "flake-parts",
        "rev": "c9afaba3dfa4085dbd2ccb38dfade5141e33d9d4",
        "type": "github"
      },
      "original": {
        "id": "flake-parts",
        "type": "indirect"
      }
    },
    "nixpkgs": {
      "locked": {
        "lastModified": 1697723726,
        "narHash": "sha256-SaTWPkI8a5xSHX/rrKzUe+/uVNy6zCGMXgoeMb7T9rg=",
        "owner": "NixOS",
        "repo": "nixpkgs",
        "rev": "7c9cc5a6e5d38010801741ac830a3f8fd667a7a0",
        "type": "github"
      },
      "original": {
        "id": "nixpkgs",
        "ref": "nixos-unstable",
        "type": "indirect"
      }
    },
    "nixpkgs-lib": {
      "locked": {
        "dir": "lib",
        "lastModified": 1696019113,
        "narHash": "sha256-X3+DKYWJm93DRSdC5M6K5hLqzSya9BjibtBsuARoPco=",
        "owner": "NixOS",
        "repo": "nixpkgs",
        "rev": "f5892ddac112a1e9b3612c39af1b72987ee5783a",
        "type": "github"
      },
      "original": {
        "dir": "lib",
        "owner": "NixOS",
        "ref": "nixos-unstable",
        "repo": "nixpkgs",
        "type": "github"
      }
    },
    "root": {
      "inputs": {
        "flake-parts": "flake-parts",
        "nixpkgs": "nixpkgs",
        "snowflake-connector-python-src": "snowflake-connector-python-src",
        "src": "src"
      }
    },
    "snowflake-connector-python-src": {
      "flake": false,
      "locked": {
        "lastModified": 1694108611,
        "narHash": "sha256-gANSKnDyKXigr3buZlWETRZXvP4XOTBneRwE/RdSqEQ=",
        "owner": "snowflakedb",
        "repo": "snowflake-connector-python",
        "rev": "d0e00adf07054479df588a384c5598d53047596f",
        "type": "github"
      },
      "original": {
        "owner": "snowflakedb",
        "ref": "v3.2.0",
        "repo": "snowflake-connector-python",
        "type": "github"
      }
    },
    "src": {
      "flake": false,
      "locked": {
        "lastModified": 1693567246,
        "narHash": "sha256-xzdnYtYQYTGhLqroasOHzvnED0Yzw7LzqinpoJz5Rj4=",
        "owner": "Snowflake-Labs",
        "repo": "snowcli",
        "rev": "dcdffaef5269b093d15609d240ef3b72eceb5beb",
        "type": "github"
      },
      "original": {
        "owner": "Snowflake-Labs",
        "ref": "v1.1.0",
        "repo": "snowcli",
        "type": "github"
      }
    }
  },
  "root": "root",
  "version": 7
}
