{
  "nodes": {
    "flake-parts": {
      "inputs": {
        "nixpkgs-lib": "nixpkgs-lib"
      },
      "locked": {
        "lastModified": 1693611461,
        "narHash": "sha256-aPODl8vAgGQ0ZYFIRisxYG5MOGSkIczvu2Cd8Gb9+1Y=",
        "owner": "hercules-ci",
        "repo": "flake-parts",
        "rev": "7f53fdb7bdc5bb237da7fefef12d099e4fd611ca",
        "type": "github"
      },
      "original": {
        "id": "flake-parts",
        "type": "indirect"
      }
    },
    "nixpkgs": {
      "locked": {
        "lastModified": 1694669921,
        "narHash": "sha256-6ESpJ6FsftHV96JO/zn6je07tyV2dlLR7SdLsmkegTY=",
        "owner": "NixOS",
        "repo": "nixpkgs",
        "rev": "f2ea252d23ebc9a5336bf6a61e0644921f64e67c",
        "type": "github"
      },
      "original": {
        "id": "nixpkgs",
        "ref": "nixos-unstable",
        "type": "indirect"
      }
    },
    "nixpkgs-lib": {
      "locked": {
        "dir": "lib",
        "lastModified": 1693471703,
        "narHash": "sha256-0l03ZBL8P1P6z8MaSDS/MvuU8E75rVxe5eE1N6gxeTo=",
        "owner": "NixOS",
        "repo": "nixpkgs",
        "rev": "3e52e76b70d5508f3cec70b882a29199f4d1ee85",
        "type": "github"
      },
      "original": {
        "dir": "lib",
        "owner": "NixOS",
        "ref": "nixos-unstable",
        "repo": "nixpkgs",
        "type": "github"
      }
    },
    "root": {
      "inputs": {
        "flake-parts": "flake-parts",
        "nixpkgs": "nixpkgs",
        "snowflake-connector-python-src": "snowflake-connector-python-src",
        "src": "src"
      }
    },
    "snowflake-connector-python-src": {
      "flake": false,
      "locked": {
        "lastModified": 1694108611,
        "narHash": "sha256-gANSKnDyKXigr3buZlWETRZXvP4XOTBneRwE/RdSqEQ=",
        "owner": "snowflakedb",
        "repo": "snowflake-connector-python",
        "rev": "d0e00adf07054479df588a384c5598d53047596f",
        "type": "github"
      },
      "original": {
        "owner": "snowflakedb",
        "ref": "v3.2.0",
        "repo": "snowflake-connector-python",
        "type": "github"
      }
    },
    "src": {
      "flake": false,
      "locked": {
        "lastModified": 1693567246,
        "narHash": "sha256-xzdnYtYQYTGhLqroasOHzvnED0Yzw7LzqinpoJz5Rj4=",
        "owner": "Snowflake-Labs",
        "repo": "snowcli",
        "rev": "dcdffaef5269b093d15609d240ef3b72eceb5beb",
        "type": "github"
      },
      "original": {
        "owner": "Snowflake-Labs",
        "ref": "v1.1.0",
        "repo": "snowcli",
        "type": "github"
      }
    }
  },
  "root": "root",
  "version": 7
}
